
Microsoft Visual Studio Solution File, Format Version 12.00
# Visual Studio Version 16
VisualStudioVersion = 16.0.29424.173
MinimumVisualStudioVersion = 10.0.40219.1
Project("{FAE04EC0-301F-11D3-BF4B-00C04F79EFBC}") = "KDZ2", "KDZ2\KDZ2.csproj", "{AE6CF5DD-B3A2-4CB5-92AB-BA5872C3E899}"
EndProject
Project("{FAE04EC0-301F-11D3-BF4B-00C04F79EFBC}") = "ClassLibrary", "ClassLibrary\ClassLibrary.csproj", "{AAEACFCF-FC57-416F-A56B-12CAFD393BE0}"
EndProject
Global
	GlobalSection(SolutionConfigurationPlatforms) = preSolution
		Debug|Any CPU = Debug|Any CPU
		Release|Any CPU = Release|Any CPU
	EndGlobalSection
	GlobalSection(ProjectConfigurationPlatforms) = postSolution
		{AE6CF5DD-B3A2-4CB5-92AB-BA5872C3E899}.Debug|Any CPU.ActiveCfg = Debug|Any CPU
		{AE6CF5DD-B3A2-4CB5-92AB-BA5872C3E899}.Debug|Any CPU.Build.0 = Debug|Any CPU
		{AE6CF5DD-B3A2-4CB5-92AB-BA5872C3E899}.Release|Any CPU.ActiveCfg = Release|Any CPU
		{AE6CF5DD-B3A2-4CB5-92AB-BA5872C3E899}.Release|Any CPU.Build.0 = Release|Any CPU
		{AAEACFCF-FC57-416F-A56B-12CAFD393BE0}.Debug|Any CPU.ActiveCfg = Debug|Any CPU
		{AAEACFCF-FC57-416F-A56B-12CAFD393BE0}.Debug|Any CPU.Build.0 = Debug|Any CPU
		{AAEACFCF-FC57-416F-A56B-12CAFD393BE0}.Release|Any CPU.ActiveCfg = Release|Any CPU
		{AAEACFCF-FC57-416F-A56B-12CAFD393BE0}.Release|Any CPU.Build.0 = Release|Any CPU
	EndGlobalSection
	GlobalSection(SolutionProperties) = preSolution
		HideSolutionNode = FALSE
	EndGlobalSection
	GlobalSection(ExtensibilityGlobals) = postSolution
		SolutionGuid = {00E2D2D1-E0A8-489E-BA98-5C94DD0B4C48}
	EndGlobalSection
EndGlobal
